
Microsoft Visual Studio Solution File, Format Version 12.00
# Visual Studio 15
VisualStudioVersion = 15.0.28307.1231
MinimumVisualStudioVersion = 10.0.40219.1
Project("{FAE04EC0-301F-11D3-BF4B-00C04F79EFBC}") = "Waterlog", "Aquarium\Waterlog.csproj", "{3D2911ED-E148-49C5-BF7B-6E7878944908}"
EndProject
Project("{9A19103F-16F7-4668-BE54-9A1E7A4F7556}") = "Waterlog.Database", "Aquarium.Database\Waterlog.Database.csproj", "{0138F169-1646-47D5-BAD5-40F429ED1BA9}"
EndProject
Project("{9A19103F-16F7-4668-BE54-9A1E7A4F7556}") = "Waterlog.Common", "Aquarium.Common\Waterlog.Common.csproj", "{A658AA36-7AA8-44B2-BCDD-176CB03E3F74}"
EndProject
Global
	GlobalSection(SolutionConfigurationPlatforms) = preSolution
		Debug|Any CPU = Debug|Any CPU
		Release|Any CPU = Release|Any CPU
	EndGlobalSection
	GlobalSection(ProjectConfigurationPlatforms) = postSolution
		{3D2911ED-E148-49C5-BF7B-6E7878944908}.Debug|Any CPU.ActiveCfg = Debug|Any CPU
		{3D2911ED-E148-49C5-BF7B-6E7878944908}.Debug|Any CPU.Build.0 = Debug|Any CPU
		{3D2911ED-E148-49C5-BF7B-6E7878944908}.Release|Any CPU.ActiveCfg = Release|Any CPU
		{3D2911ED-E148-49C5-BF7B-6E7878944908}.Release|Any CPU.Build.0 = Release|Any CPU
		{0138F169-1646-47D5-BAD5-40F429ED1BA9}.Debug|Any CPU.ActiveCfg = Debug|Any CPU
		{0138F169-1646-47D5-BAD5-40F429ED1BA9}.Debug|Any CPU.Build.0 = Debug|Any CPU
		{0138F169-1646-47D5-BAD5-40F429ED1BA9}.Release|Any CPU.ActiveCfg = Release|Any CPU
		{0138F169-1646-47D5-BAD5-40F429ED1BA9}.Release|Any CPU.Build.0 = Release|Any CPU
		{A658AA36-7AA8-44B2-BCDD-176CB03E3F74}.Debug|Any CPU.ActiveCfg = Debug|Any CPU
		{A658AA36-7AA8-44B2-BCDD-176CB03E3F74}.Debug|Any CPU.Build.0 = Debug|Any CPU
		{A658AA36-7AA8-44B2-BCDD-176CB03E3F74}.Release|Any CPU.ActiveCfg = Release|Any CPU
		{A658AA36-7AA8-44B2-BCDD-176CB03E3F74}.Release|Any CPU.Build.0 = Release|Any CPU
	EndGlobalSection
	GlobalSection(SolutionProperties) = preSolution
		HideSolutionNode = FALSE
	EndGlobalSection
	GlobalSection(ExtensibilityGlobals) = postSolution
		SolutionGuid = {3C344087-C699-4C96-94A4-7B2A0D387E3F}
	EndGlobalSection
EndGlobal
